
Microsoft Visual Studio Solution File, Format Version 12.00
# Visual Studio Version 16
VisualStudioVersion = 16.0.31829.152
MinimumVisualStudioVersion = 10.0.40219.1
Project("{8BC9CEB8-8B4A-11D0-8D11-00A0C91BC942}") = "Nomad", "NomadDriver\NomadDriver.vcxproj", "{A2D95A16-9A85-4061-B474-D77A252EBCE2}"
EndProject
Global
	GlobalSection(SolutionConfigurationPlatforms) = preSolution
		Debug Verbose|ARM = Debug Verbose|ARM
		Debug Verbose|ARM64 = Debug Verbose|ARM64
		Debug Verbose|x64 = Debug Verbose|x64
		Debug Verbose|x86 = Debug Verbose|x86
		Debug|ARM = Debug|ARM
		Debug|ARM64 = Debug|ARM64
		Debug|x64 = Debug|x64
		Debug|x86 = Debug|x86
		Release|ARM = Release|ARM
		Release|ARM64 = Release|ARM64
		Release|x64 = Release|x64
		Release|x86 = Release|x86
	EndGlobalSection
	GlobalSection(ProjectConfigurationPlatforms) = postSolution
		{A2D95A16-9A85-4061-B474-D77A252EBCE2}.Debug Verbose|ARM.ActiveCfg = DebugVerbose|ARM
		{A2D95A16-9A85-4061-B474-D77A252EBCE2}.Debug Verbose|ARM.Build.0 = DebugVerbose|ARM
		{A2D95A16-9A85-4061-B474-D77A252EBCE2}.Debug Verbose|ARM.Deploy.0 = DebugVerbose|ARM
		{A2D95A16-9A85-4061-B474-D77A252EBCE2}.Debug Verbose|ARM64.ActiveCfg = DebugVerbose|ARM64
		{A2D95A16-9A85-4061-B474-D77A252EBCE2}.Debug Verbose|ARM64.Build.0 = DebugVerbose|ARM64
		{A2D95A16-9A85-4061-B474-D77A252EBCE2}.Debug Verbose|ARM64.Deploy.0 = DebugVerbose|ARM64
		{A2D95A16-9A85-4061-B474-D77A252EBCE2}.Debug Verbose|x64.ActiveCfg = DebugVerbose|x64
		{A2D95A16-9A85-4061-B474-D77A252EBCE2}.Debug Verbose|x64.Build.0 = DebugVerbose|x64
		{A2D95A16-9A85-4061-B474-D77A252EBCE2}.Debug Verbose|x64.Deploy.0 = DebugVerbose|x64
		{A2D95A16-9A85-4061-B474-D77A252EBCE2}.Debug Verbose|x86.ActiveCfg = DebugVerbose|Win32
		{A2D95A16-9A85-4061-B474-D77A252EBCE2}.Debug Verbose|x86.Build.0 = DebugVerbose|Win32
		{A2D95A16-9A85-4061-B474-D77A252EBCE2}.Debug Verbose|x86.Deploy.0 = DebugVerbose|Win32
		{A2D95A16-9A85-4061-B474-D77A252EBCE2}.Debug|ARM.ActiveCfg = Debug|ARM
		{A2D95A16-9A85-4061-B474-D77A252EBCE2}.Debug|ARM.Build.0 = Debug|ARM
		{A2D95A16-9A85-4061-B474-D77A252EBCE2}.Debug|ARM.Deploy.0 = Debug|ARM
		{A2D95A16-9A85-4061-B474-D77A252EBCE2}.Debug|ARM64.ActiveCfg = Debug|ARM64
		{A2D95A16-9A85-4061-B474-D77A252EBCE2}.Debug|ARM64.Build.0 = Debug|ARM64
		{A2D95A16-9A85-4061-B474-D77A252EBCE2}.Debug|ARM64.Deploy.0 = Debug|ARM64
		{A2D95A16-9A85-4061-B474-D77A252EBCE2}.Debug|x64.ActiveCfg = Debug|x64
		{A2D95A16-9A85-4061-B474-D77A252EBCE2}.Debug|x64.Build.0 = Debug|x64
		{A2D95A16-9A85-4061-B474-D77A252EBCE2}.Debug|x64.Deploy.0 = Debug|x64
		{A2D95A16-9A85-4061-B474-D77A252EBCE2}.Debug|x86.ActiveCfg = Debug|Win32
		{A2D95A16-9A85-4061-B474-D77A252EBCE2}.Debug|x86.Build.0 = Debug|Win32
		{A2D95A16-9A85-4061-B474-D77A252EBCE2}.Debug|x86.Deploy.0 = Debug|Win32
		{A2D95A16-9A85-4061-B474-D77A252EBCE2}.Release|ARM.ActiveCfg = Release|ARM
		{A2D95A16-9A85-4061-B474-D77A252EBCE2}.Release|ARM.Build.0 = Release|ARM
		{A2D95A16-9A85-4061-B474-D77A252EBCE2}.Release|ARM.Deploy.0 = Release|ARM
		{A2D95A16-9A85-4061-B474-D77A252EBCE2}.Release|ARM64.ActiveCfg = Release|ARM64
		{A2D95A16-9A85-4061-B474-D77A252EBCE2}.Release|ARM64.Build.0 = Release|ARM64
		{A2D95A16-9A85-4061-B474-D77A252EBCE2}.Release|ARM64.Deploy.0 = Release|ARM64
		{A2D95A16-9A85-4061-B474-D77A252EBCE2}.Release|x64.ActiveCfg = Release|x64
		{A2D95A16-9A85-4061-B474-D77A252EBCE2}.Release|x64.Build.0 = Release|x64
		{A2D95A16-9A85-4061-B474-D77A252EBCE2}.Release|x64.Deploy.0 = Release|x64
		{A2D95A16-9A85-4061-B474-D77A252EBCE2}.Release|x86.ActiveCfg = Release|Win32
		{A2D95A16-9A85-4061-B474-D77A252EBCE2}.Release|x86.Build.0 = Release|Win32
		{A2D95A16-9A85-4061-B474-D77A252EBCE2}.Release|x86.Deploy.0 = Release|Win32
	EndGlobalSection
	GlobalSection(SolutionProperties) = preSolution
		HideSolutionNode = FALSE
	EndGlobalSection
	GlobalSection(ExtensibilityGlobals) = postSolution
		SolutionGuid = {353E8AC0-8867-4B77-A0C5-C2DFB8974CDC}
	EndGlobalSection
EndGlobal
